
Microsoft Visual Studio Solution File, Format Version 12.00
# Visual Studio 15
VisualStudioVersion = 15.0.27130.2036
MinimumVisualStudioVersion = 10.0.40219.1
Project("{FAE04EC0-301F-11D3-BF4B-00C04F79EFBC}") = "movieBucketWebApi", "movieBucketWebApi\movieBucketWebApi.csproj", "{68038292-B81F-41A0-8154-6061C4E95A63}"
EndProject
Project("{FAE04EC0-301F-11D3-BF4B-00C04F79EFBC}") = "movieBucketData", "movieBucketData\movieBucketData.csproj", "{00F38546-FA11-4973-BC96-D2CD55A41376}"
EndProject
Global
	GlobalSection(SolutionConfigurationPlatforms) = preSolution
		Debug|Any CPU = Debug|Any CPU
		Release|Any CPU = Release|Any CPU
	EndGlobalSection
	GlobalSection(ProjectConfigurationPlatforms) = postSolution
		{68038292-B81F-41A0-8154-6061C4E95A63}.Debug|Any CPU.ActiveCfg = Debug|Any CPU
		{68038292-B81F-41A0-8154-6061C4E95A63}.Debug|Any CPU.Build.0 = Debug|Any CPU
		{68038292-B81F-41A0-8154-6061C4E95A63}.Release|Any CPU.ActiveCfg = Release|Any CPU
		{68038292-B81F-41A0-8154-6061C4E95A63}.Release|Any CPU.Build.0 = Release|Any CPU
		{00F38546-FA11-4973-BC96-D2CD55A41376}.Debug|Any CPU.ActiveCfg = Debug|Any CPU
		{00F38546-FA11-4973-BC96-D2CD55A41376}.Debug|Any CPU.Build.0 = Debug|Any CPU
		{00F38546-FA11-4973-BC96-D2CD55A41376}.Release|Any CPU.ActiveCfg = Release|Any CPU
		{00F38546-FA11-4973-BC96-D2CD55A41376}.Release|Any CPU.Build.0 = Release|Any CPU
	EndGlobalSection
	GlobalSection(SolutionProperties) = preSolution
		HideSolutionNode = FALSE
	EndGlobalSection
	GlobalSection(ExtensibilityGlobals) = postSolution
		SolutionGuid = {2B595722-8DFF-49E2-9E63-B3573F2DB19A}
	EndGlobalSection
EndGlobal
